Microsoft Visual Studio Solution File, Format Version 12.00
# Visual Studio Version 17
VisualStudioVersion = 17.0.31903.59
MinimumVisualStudioVersion = 10.0.40219.1
Project("{FAE04EC0-301F-11D3-BF4B-00C04F79EFBC}") = "MediaIngest.Foundation", "src\MediaIngest.Foundation\MediaIngest.Foundation.csproj", "{9A34F242-4797-47BA-9066-7D5D5FDDC2C1}"
EndProject
Project("{FAE04EC0-301F-11D3-BF4B-00C04F79EFBC}") = "MediaIngest.Foundation.Tests", "tests\MediaIngest.Foundation.Tests\MediaIngest.Foundation.Tests.csproj", "{E3D4B747-124E-4D60-9A0F-2BF70756992D}"
EndProject
Project("{FAE04EC0-301F-11D3-BF4B-00C04F79EFBC}") = "MediaIngest.Contracts", "src\MediaIngest.Contracts\MediaIngest.Contracts.csproj", "{5B6D9925-6C01-493C-A859-A54FC80F7B72}"
EndProject
Project("{FAE04EC0-301F-11D3-BF4B-00C04F79EFBC}") = "MediaIngest.Contracts.Tests", "tests\MediaIngest.Contracts.Tests\MediaIngest.Contracts.Tests.csproj", "{1D91F70C-3D48-4FC9-BF0C-5E1B46EB83D8}"
EndProject
Project("{FAE04EC0-301F-11D3-BF4B-00C04F79EFBC}") = "MediaIngest.Worker.Watcher", "src\MediaIngest.Worker.Watcher\MediaIngest.Worker.Watcher.csproj", "{CEBA9554-BA39-472E-B0A6-74CD7F24D4BB}"
EndProject
Project("{FAE04EC0-301F-11D3-BF4B-00C04F79EFBC}") = "MediaIngest.Worker.Watcher.Tests", "tests\MediaIngest.Worker.Watcher.Tests\MediaIngest.Worker.Watcher.Tests.csproj", "{11A9D962-BD79-46D6-A696-1716AD0A7116}"
EndProject
Project("{FAE04EC0-301F-11D3-BF4B-00C04F79EFBC}") = "MediaIngest.Persistence", "src\MediaIngest.Persistence\MediaIngest.Persistence.csproj", "{9176F236-4398-44AD-A9F9-3E7D0130E9EA}"
EndProject
Project("{FAE04EC0-301F-11D3-BF4B-00C04F79EFBC}") = "MediaIngest.Persistence.Tests", "tests\MediaIngest.Persistence.Tests\MediaIngest.Persistence.Tests.csproj", "{7E75BB4A-D48D-4A5A-BC27-6A8C4D7F71F2}"
EndProject
Project("{FAE04EC0-301F-11D3-BF4B-00C04F79EFBC}") = "MediaIngest.Worker.Outbox", "src\MediaIngest.Worker.Outbox\MediaIngest.Worker.Outbox.csproj", "{4D99C953-D947-46A9-8B60-B490E52E9741}"
EndProject
Project("{FAE04EC0-301F-11D3-BF4B-00C04F79EFBC}") = "MediaIngest.Worker.Outbox.Tests", "tests\MediaIngest.Worker.Outbox.Tests\MediaIngest.Worker.Outbox.Tests.csproj", "{F3DF137F-2E64-4BEF-9D97-80588C77C243}"
EndProject
Project("{FAE04EC0-301F-11D3-BF4B-00C04F79EFBC}") = "MediaIngest.Workflow", "src\MediaIngest.Workflow\MediaIngest.Workflow.csproj", "{364E25B4-363F-4D78-9D9F-4058BC769BFB}"
EndProject
Project("{FAE04EC0-301F-11D3-BF4B-00C04F79EFBC}") = "MediaIngest.Workflow.Tests", "tests\MediaIngest.Workflow.Tests\MediaIngest.Workflow.Tests.csproj", "{3DDC3BB1-D0A8-405D-B84F-A2C5C504BEF5}"
EndProject
Project("{FAE04EC0-301F-11D3-BF4B-00C04F79EFBC}") = "MediaIngest.Observability", "src\MediaIngest.Observability\MediaIngest.Observability.csproj", "{E5A6C910-11D1-4BA5-9EAC-04A30A90F5C8}"
EndProject
Project("{FAE04EC0-301F-11D3-BF4B-00C04F79EFBC}") = "MediaIngest.Observability.Tests", "tests\MediaIngest.Observability.Tests\MediaIngest.Observability.Tests.csproj", "{3E8F83CC-8568-4298-A2D7-1686C47B43EA}"
EndProject
Project("{FAE04EC0-301F-11D3-BF4B-00C04F79EFBC}") = "MediaIngest.Api", "src\MediaIngest.Api\MediaIngest.Api.csproj", "{F5F6B820-85B3-428D-869F-8CC210295E08}"
EndProject
Project("{FAE04EC0-301F-11D3-BF4B-00C04F79EFBC}") = "MediaIngest.Api.Tests", "tests\MediaIngest.Api.Tests\MediaIngest.Api.Tests.csproj", "{6E1CF5CB-149D-4B70-ACB7-BB429588D439}"
EndProject
Project("{FAE04EC0-301F-11D3-BF4B-00C04F79EFBC}") = "MediaIngest.Worker.CommandRunner", "src\MediaIngest.Worker.CommandRunner\MediaIngest.Worker.CommandRunner.csproj", "{380B62F9-A130-46B6-BDA4-4CA28E60B1FC}"
EndProject
Project("{FAE04EC0-301F-11D3-BF4B-00C04F79EFBC}") = "MediaIngest.Worker.CommandRunner.Tests", "tests\MediaIngest.Worker.CommandRunner.Tests\MediaIngest.Worker.CommandRunner.Tests.csproj", "{BBB65566-E121-49BB-ACFF-453B160B9AF2}"
EndProject
Global
	GlobalSection(SolutionConfigurationPlatforms) = preSolution
		Debug|Any CPU = Debug|Any CPU
		Release|Any CPU = Release|Any CPU
	EndGlobalSection
	GlobalSection(ProjectConfigurationPlatforms) = postSolution
		{9A34F242-4797-47BA-9066-7D5D5FDDC2C1}.Debug|Any CPU.ActiveCfg = Debug|Any CPU
		{9A34F242-4797-47BA-9066-7D5D5FDDC2C1}.Debug|Any CPU.Build.0 = Debug|Any CPU
		{9A34F242-4797-47BA-9066-7D5D5FDDC2C1}.Release|Any CPU.ActiveCfg = Release|Any CPU
		{9A34F242-4797-47BA-9066-7D5D5FDDC2C1}.Release|Any CPU.Build.0 = Release|Any CPU
		{E3D4B747-124E-4D60-9A0F-2BF70756992D}.Debug|Any CPU.ActiveCfg = Debug|Any CPU
		{E3D4B747-124E-4D60-9A0F-2BF70756992D}.Debug|Any CPU.Build.0 = Debug|Any CPU
		{E3D4B747-124E-4D60-9A0F-2BF70756992D}.Release|Any CPU.ActiveCfg = Release|Any CPU
		{E3D4B747-124E-4D60-9A0F-2BF70756992D}.Release|Any CPU.Build.0 = Release|Any CPU
		{5B6D9925-6C01-493C-A859-A54FC80F7B72}.Debug|Any CPU.ActiveCfg = Debug|Any CPU
		{5B6D9925-6C01-493C-A859-A54FC80F7B72}.Debug|Any CPU.Build.0 = Debug|Any CPU
		{5B6D9925-6C01-493C-A859-A54FC80F7B72}.Release|Any CPU.ActiveCfg = Release|Any CPU
		{5B6D9925-6C01-493C-A859-A54FC80F7B72}.Release|Any CPU.Build.0 = Release|Any CPU
		{1D91F70C-3D48-4FC9-BF0C-5E1B46EB83D8}.Debug|Any CPU.ActiveCfg = Debug|Any CPU
		{1D91F70C-3D48-4FC9-BF0C-5E1B46EB83D8}.Debug|Any CPU.Build.0 = Debug|Any CPU
		{1D91F70C-3D48-4FC9-BF0C-5E1B46EB83D8}.Release|Any CPU.ActiveCfg = Release|Any CPU
		{1D91F70C-3D48-4FC9-BF0C-5E1B46EB83D8}.Release|Any CPU.Build.0 = Release|Any CPU
		{CEBA9554-BA39-472E-B0A6-74CD7F24D4BB}.Debug|Any CPU.ActiveCfg = Debug|Any CPU
		{CEBA9554-BA39-472E-B0A6-74CD7F24D4BB}.Debug|Any CPU.Build.0 = Debug|Any CPU
		{CEBA9554-BA39-472E-B0A6-74CD7F24D4BB}.Release|Any CPU.ActiveCfg = Release|Any CPU
		{CEBA9554-BA39-472E-B0A6-74CD7F24D4BB}.Release|Any CPU.Build.0 = Release|Any CPU
		{11A9D962-BD79-46D6-A696-1716AD0A7116}.Debug|Any CPU.ActiveCfg = Debug|Any CPU
		{11A9D962-BD79-46D6-A696-1716AD0A7116}.Debug|Any CPU.Build.0 = Debug|Any CPU
		{11A9D962-BD79-46D6-A696-1716AD0A7116}.Release|Any CPU.ActiveCfg = Release|Any CPU
		{11A9D962-BD79-46D6-A696-1716AD0A7116}.Release|Any CPU.Build.0 = Release|Any CPU
		{9176F236-4398-44AD-A9F9-3E7D0130E9EA}.Debug|Any CPU.ActiveCfg = Debug|Any CPU
		{9176F236-4398-44AD-A9F9-3E7D0130E9EA}.Debug|Any CPU.Build.0 = Debug|Any CPU
		{9176F236-4398-44AD-A9F9-3E7D0130E9EA}.Release|Any CPU.ActiveCfg = Release|Any CPU
		{9176F236-4398-44AD-A9F9-3E7D0130E9EA}.Release|Any CPU.Build.0 = Release|Any CPU
		{7E75BB4A-D48D-4A5A-BC27-6A8C4D7F71F2}.Debug|Any CPU.ActiveCfg = Debug|Any CPU
		{7E75BB4A-D48D-4A5A-BC27-6A8C4D7F71F2}.Debug|Any CPU.Build.0 = Debug|Any CPU
		{7E75BB4A-D48D-4A5A-BC27-6A8C4D7F71F2}.Release|Any CPU.ActiveCfg = Release|Any CPU
		{7E75BB4A-D48D-4A5A-BC27-6A8C4D7F71F2}.Release|Any CPU.Build.0 = Release|Any CPU
		{4D99C953-D947-46A9-8B60-B490E52E9741}.Debug|Any CPU.ActiveCfg = Debug|Any CPU
		{4D99C953-D947-46A9-8B60-B490E52E9741}.Debug|Any CPU.Build.0 = Debug|Any CPU
		{4D99C953-D947-46A9-8B60-B490E52E9741}.Release|Any CPU.ActiveCfg = Release|Any CPU
		{4D99C953-D947-46A9-8B60-B490E52E9741}.Release|Any CPU.Build.0 = Release|Any CPU
		{F3DF137F-2E64-4BEF-9D97-80588C77C243}.Debug|Any CPU.ActiveCfg = Debug|Any CPU
		{F3DF137F-2E64-4BEF-9D97-80588C77C243}.Debug|Any CPU.Build.0 = Debug|Any CPU
		{F3DF137F-2E64-4BEF-9D97-80588C77C243}.Release|Any CPU.ActiveCfg = Release|Any CPU
		{F3DF137F-2E64-4BEF-9D97-80588C77C243}.Release|Any CPU.Build.0 = Release|Any CPU
		{364E25B4-363F-4D78-9D9F-4058BC769BFB}.Debug|Any CPU.ActiveCfg = Debug|Any CPU
		{364E25B4-363F-4D78-9D9F-4058BC769BFB}.Debug|Any CPU.Build.0 = Debug|Any CPU
		{364E25B4-363F-4D78-9D9F-4058BC769BFB}.Release|Any CPU.ActiveCfg = Release|Any CPU
		{364E25B4-363F-4D78-9D9F-4058BC769BFB}.Release|Any CPU.Build.0 = Release|Any CPU
		{3DDC3BB1-D0A8-405D-B84F-A2C5C504BEF5}.Debug|Any CPU.ActiveCfg = Debug|Any CPU
		{3DDC3BB1-D0A8-405D-B84F-A2C5C504BEF5}.Debug|Any CPU.Build.0 = Debug|Any CPU
		{3DDC3BB1-D0A8-405D-B84F-A2C5C504BEF5}.Release|Any CPU.ActiveCfg = Release|Any CPU
		{3DDC3BB1-D0A8-405D-B84F-A2C5C504BEF5}.Release|Any CPU.Build.0 = Release|Any CPU
		{E5A6C910-11D1-4BA5-9EAC-04A30A90F5C8}.Debug|Any CPU.ActiveCfg = Debug|Any CPU
		{E5A6C910-11D1-4BA5-9EAC-04A30A90F5C8}.Debug|Any CPU.Build.0 = Debug|Any CPU
		{E5A6C910-11D1-4BA5-9EAC-04A30A90F5C8}.Release|Any CPU.ActiveCfg = Release|Any CPU
		{E5A6C910-11D1-4BA5-9EAC-04A30A90F5C8}.Release|Any CPU.Build.0 = Release|Any CPU
		{3E8F83CC-8568-4298-A2D7-1686C47B43EA}.Debug|Any CPU.ActiveCfg = Debug|Any CPU
		{3E8F83CC-8568-4298-A2D7-1686C47B43EA}.Debug|Any CPU.Build.0 = Debug|Any CPU
		{3E8F83CC-8568-4298-A2D7-1686C47B43EA}.Release|Any CPU.ActiveCfg = Release|Any CPU
		{3E8F83CC-8568-4298-A2D7-1686C47B43EA}.Release|Any CPU.Build.0 = Release|Any CPU
		{F5F6B820-85B3-428D-869F-8CC210295E08}.Debug|Any CPU.ActiveCfg = Debug|Any CPU
		{F5F6B820-85B3-428D-869F-8CC210295E08}.Debug|Any CPU.Build.0 = Debug|Any CPU
		{F5F6B820-85B3-428D-869F-8CC210295E08}.Release|Any CPU.ActiveCfg = Release|Any CPU
		{F5F6B820-85B3-428D-869F-8CC210295E08}.Release|Any CPU.Build.0 = Release|Any CPU
		{6E1CF5CB-149D-4B70-ACB7-BB429588D439}.Debug|Any CPU.ActiveCfg = Debug|Any CPU
		{6E1CF5CB-149D-4B70-ACB7-BB429588D439}.Debug|Any CPU.Build.0 = Debug|Any CPU
		{6E1CF5CB-149D-4B70-ACB7-BB429588D439}.Release|Any CPU.ActiveCfg = Release|Any CPU
		{6E1CF5CB-149D-4B70-ACB7-BB429588D439}.Release|Any CPU.Build.0 = Release|Any CPU
		{380B62F9-A130-46B6-BDA4-4CA28E60B1FC}.Debug|Any CPU.ActiveCfg = Debug|Any CPU
		{380B62F9-A130-46B6-BDA4-4CA28E60B1FC}.Debug|Any CPU.Build.0 = Debug|Any CPU
		{380B62F9-A130-46B6-BDA4-4CA28E60B1FC}.Release|Any CPU.ActiveCfg = Release|Any CPU
		{380B62F9-A130-46B6-BDA4-4CA28E60B1FC}.Release|Any CPU.Build.0 = Release|Any CPU
		{BBB65566-E121-49BB-ACFF-453B160B9AF2}.Debug|Any CPU.ActiveCfg = Debug|Any CPU
		{BBB65566-E121-49BB-ACFF-453B160B9AF2}.Debug|Any CPU.Build.0 = Debug|Any CPU
		{BBB65566-E121-49BB-ACFF-453B160B9AF2}.Release|Any CPU.ActiveCfg = Release|Any CPU
		{BBB65566-E121-49BB-ACFF-453B160B9AF2}.Release|Any CPU.Build.0 = Release|Any CPU
	EndGlobalSection
	GlobalSection(SolutionProperties) = preSolution
		HideSolutionNode = FALSE
	EndGlobalSection
EndGlobal
